// !$*UTF8*$!
{
	archiveVersion = 1;
	classes = {
	};
	objectVersion = 46;
	objects = {

/* Begin PBXBuildFile section */
		119B456117B5E2D70046EC5F /* Foundation.framework in Frameworks */ = {isa = PBXBuildFile; fileRef = 119B456017B5E2D70046EC5F /* Foundation.framework */; };
		119B456317B5E2D70046EC5F /* CoreGraphics.framework in Frameworks */ = {isa = PBXBuildFile; fileRef = 119B456217B5E2D70046EC5F /* CoreGraphics.framework */; };
		119B456517B5E2D70046EC5F /* UIKit.framework in Frameworks */ = {isa = PBXBuildFile; fileRef = 119B456417B5E2D70046EC5F /* UIKit.framework */; };
		119B456B17B5E2D70046EC5F /* InfoPlist.strings in Resources */ = {isa = PBXBuildFile; fileRef = 119B456917B5E2D70046EC5F /* InfoPlist.strings */; };
		119B456D17B5E2D70046EC5F /* main.m in Sources */ = {isa = PBXBuildFile; fileRef = 119B456C17B5E2D70046EC5F /* main.m */; };
		119B457117B5E2D70046EC5F /* AppDelegate.m in Sources */ = {isa = PBXBuildFile; fileRef = 119B457017B5E2D70046EC5F /* AppDelegate.m */; };
		119B457317B5E2D70046EC5F /* Images.xcassets in Resources */ = {isa = PBXBuildFile; fileRef = 119B457217B5E2D70046EC5F /* Images.xcassets */; };
		119B457A17B5E2D70046EC5F /* XCTest.framework in Frameworks */ = {isa = PBXBuildFile; fileRef = 119B457917B5E2D70046EC5F /* XCTest.framework */; };
		119B457B17B5E2D70046EC5F /* Foundation.framework in Frameworks */ = {isa = PBXBuildFile; fileRef = 119B456017B5E2D70046EC5F /* Foundation.framework */; };
		119B457C17B5E2D70046EC5F /* UIKit.framework in Frameworks */ = {isa = PBXBuildFile; fileRef = 119B456417B5E2D70046EC5F /* UIKit.framework */; };
		119B458417B5E2D70046EC5F /* InfoPlist.strings in Resources */ = {isa = PBXBuildFile; fileRef = 119B458217B5E2D70046EC5F /* InfoPlist.strings */; };
		119B458617B5E2D70046EC5F /* MyHubTests.m in Sources */ = {isa = PBXBuildFile; fileRef = 119B458517B5E2D70046EC5F /* MyHubTests.m */; };
/* End PBXBuildFile section */

/* Begin PBXContainerItemProxy section */
		119B457D17B5E2D70046EC5F /* PBXContainerItemProxy */ = {
			isa = PBXContainerItemProxy;
			containerPortal = 119B455517B5E2D70046EC5F /* Project object */;
			proxyType = 1;
			remoteGlobalIDString = 119B455C17B5E2D70046EC5F;
			remoteInfo = MyHub;
		};
/* End PBXContainerItemProxy section */

/* Begin PBXFileReference section */
		119B455D17B5E2D70046EC5F /* MyHub.app */ = {isa = PBXFileReference; explicitFileType = wrapper.application; includeInIndex = 0; path = MyHub.app; sourceTree = BUILT_PRODUCTS_DIR; };
		119B456017B5E2D70046EC5F /* Foundation.framework */ = {isa = PBXFileReference; lastKnownFileType = wrapper.framework; name = Foundation.framework; path = System/Library/Frameworks/Foundation.framework; sourceTree = SDKROOT; };
		119B456217B5E2D70046EC5F /* CoreGraphics.framework */ = {isa = PBXFileReference; lastKnownFileType = wrapper.framework; name = CoreGraphics.framework; path = System/Library/Frameworks/CoreGraphics.framework; sourceTree = SDKROOT; };
		119B456417B5E2D70046EC5F /* UIKit.framework */ = {isa = PBXFileReference; lastKnownFileType = wrapper.framework; name = UIKit.framework; path = System/Library/Frameworks/UIKit.framework; sourceTree = SDKROOT; };
		119B456817B5E2D70046EC5F /* MyHub-Info.plist */ = {isa = PBXFileReference; lastKnownFileType = text.plist.xml; path = "MyHub-Info.plist"; sourceTree = "<group>"; };
		119B456A17B5E2D70046EC5F /* en */ = {isa = PBXFileReference; lastKnownFileType = text.plist.strings; name = en; path = en.lproj/InfoPlist.strings; sourceTree = "<group>"; };
		119B456C17B5E2D70046EC5F /* main.m */ = {isa = PBXFileReference; lastKnownFileType = sourcecode.c.objc; path = main.m; sourceTree = "<group>"; };
		119B456E17B5E2D70046EC5F /* MyHub-Prefix.pch */ = {isa = PBXFileReference; lastKnownFileType = sourcecode.c.h; path = "MyHub-Prefix.pch"; sourceTree = "<group>"; };
		119B456F17B5E2D70046EC5F /* AppDelegate.h */ = {isa = PBXFileReference; lastKnownFileType = sourcecode.c.h; path = AppDelegate.h; sourceTree = "<group>"; };
		119B457017B5E2D70046EC5F /* AppDelegate.m */ = {isa = PBXFileReference; lastKnownFileType = sourcecode.c.objc; path = AppDelegate.m; sourceTree = "<group>"; };
		119B457217B5E2D70046EC5F /* Images.xcassets */ = {isa = PBXFileReference; lastKnownFileType = folder.assetcatalog; path = Images.xcassets; sourceTree = "<group>"; };
		119B457817B5E2D70046EC5F /* MyHubTests.xctest */ = {isa = PBXFileReference; explicitFileType = wrapper.cfbundle; includeInIndex = 0; path = MyHubTests.xctest; sourceTree = BUILT_PRODUCTS_DIR; };
		119B457917B5E2D70046EC5F /* XCTest.framework */ = {isa = PBXFileReference; lastKnownFileType = wrapper.framework; name = XCTest.framework; path = Library/Frameworks/XCTest.framework; sourceTree = DEVELOPER_DIR; };
		119B458117B5E2D70046EC5F /* MyHubTests-Info.plist */ = {isa = PBXFileReference; lastKnownFileType = text.plist.xml; path = "MyHubTests-Info.plist"; sourceTree = "<group>"; };
		119B458317B5E2D70046EC5F /* en */ = {isa = PBXFileReference; lastKnownFileType = text.plist.strings; name = en; path = en.lproj/InfoPlist.strings; sourceTree = "<group>"; };
		119B458517B5E2D70046EC5F /* MyHubTests.m */ = {isa = PBXFileReference; lastKnownFileType = sourcecode.c.objc; path = MyHubTests.m; sourceTree = "<group>"; };
/* End PBXFileReference section */

/* Begin PBXFrameworksBuildPhase section */
		119B455A17B5E2D70046EC5F /* Frameworks */ = {
			isa = PBXFrameworksBuildPhase;
			buildActionMask = 2147483647;
			files = (
				119B456317B5E2D70046EC5F /* CoreGraphics.framework in Frameworks */,
				119B456517B5E2D70046EC5F /* UIKit.framework in Frameworks */,
				119B456117B5E2D70046EC5F /* Foundation.framework in Frameworks */,
			);
			runOnlyForDeploymentPostprocessing = 0;
		};
		119B457517B5E2D70046EC5F /* Frameworks */ = {
			isa = PBXFrameworksBuildPhase;
			buildActionMask = 2147483647;
			files = (
				119B457A17B5E2D70046EC5F /* XCTest.framework in Frameworks */,
				119B457C17B5E2D70046EC5F /* UIKit.framework in Frameworks */,
				119B457B17B5E2D70046EC5F /* Foundation.framework in Frameworks */,
			);
			runOnlyForDeploymentPostprocessing = 0;
		};
/* End PBXFrameworksBuildPhase section */

/* Begin PBXGroup section */
		119B455417B5E2D70046EC5F = {
			isa = PBXGroup;
			children = (
				119B456617B5E2D70046EC5F /* MyHub */,
				119B457F17B5E2D70046EC5F /* MyHubTests */,
				119B455F17B5E2D70046EC5F /* Frameworks */,
				119B455E17B5E2D70046EC5F /* Products */,
			);
			sourceTree = "<group>";
		};
		119B455E17B5E2D70046EC5F /* Products */ = {
			isa = PBXGroup;
			children = (
				119B455D17B5E2D70046EC5F /* MyHub.app */,
				119B457817B5E2D70046EC5F /* MyHubTests.xctest */,
			);
			name = Products;
			sourceTree = "<group>";
		};
		119B455F17B5E2D70046EC5F /* Frameworks */ = {
			isa = PBXGroup;
			children = (
				119B456017B5E2D70046EC5F /* Foundation.framework */,
				119B456217B5E2D70046EC5F /* CoreGraphics.framework */,
				119B456417B5E2D70046EC5F /* UIKit.framework */,
				119B457917B5E2D70046EC5F /* XCTest.framework */,
			);
			name = Frameworks;
			sourceTree = "<group>";
		};
		119B456617B5E2D70046EC5F /* MyHub */ = {
			isa = PBXGroup;
			children = (
				119B456F17B5E2D70046EC5F /* AppDelegate.h */,
				119B457017B5E2D70046EC5F /* AppDelegate.m */,
				119B457217B5E2D70046EC5F /* Images.xcassets */,
				119B456717B5E2D70046EC5F /* Supporting Files */,
			);
			path = MyHub;
			sourceTree = "<group>";
		};
		119B456717B5E2D70046EC5F /* Supporting Files */ = {
			isa = PBXGroup;
			children = (
				119B456817B5E2D70046EC5F /* MyHub-Info.plist */,
				119B456917B5E2D70046EC5F /* InfoPlist.strings */,
				119B456C17B5E2D70046EC5F /* main.m */,
				119B456E17B5E2D70046EC5F /* MyHub-Prefix.pch */,
			);
			name = "Supporting Files";
			sourceTree = "<group>";
		};
		119B457F17B5E2D70046EC5F /* MyHubTests */ = {
			isa = PBXGroup;
			children = (
				119B458517B5E2D70046EC5F /* MyHubTests.m */,
				119B458017B5E2D70046EC5F /* Supporting Files */,
			);
			path = MyHubTests;
			sourceTree = "<group>";
		};
		119B458017B5E2D70046EC5F /* Supporting Files */ = {
			isa = PBXGroup;
			children = (
				119B458117B5E2D70046EC5F /* MyHubTests-Info.plist */,
				119B458217B5E2D70046EC5F /* InfoPlist.strings */,
			);
			name = "Supporting Files";
			sourceTree = "<group>";
		};
/* End PBXGroup section */

/* Begin PBXNativeTarget section */
		119B455C17B5E2D70046EC5F /* MyHub */ = {
			isa = PBXNativeTarget;
			buildConfigurationList = 119B458917B5E2D70046EC5F /* Build configuration list for PBXNativeTarget "MyHub" */;
			buildPhases = (
				119B455917B5E2D70046EC5F /* Sources */,
				119B455A17B5E2D70046EC5F /* Frameworks */,
				119B455B17B5E2D70046EC5F /* Resources */,
			);
			buildRules = (
			);
			dependencies = (
			);
			name = MyHub;
			productName = MyHub;
			productReference = 119B455D17B5E2D70046EC5F /* MyHub.app */;
			productType = "com.apple.product-type.application";
		};
		119B457717B5E2D70046EC5F /* MyHubTests */ = {
			isa = PBXNativeTarget;
			buildConfigurationList = 119B458C17B5E2D70046EC5F /* Build configuration list for PBXNativeTarget "MyHubTests" */;
			buildPhases = (
				119B457417B5E2D70046EC5F /* Sources */,
				119B457517B5E2D70046EC5F /* Frameworks */,
				119B457617B5E2D70046EC5F /* Resources */,
			);
			buildRules = (
			);
			dependencies = (
				119B457E17B5E2D70046EC5F /* PBXTargetDependency */,
			);
			name = MyHubTests;
			productName = MyHubTests;
			productReference = 119B457817B5E2D70046EC5F /* MyHubTests.xctest */;
			productType = "com.apple.product-type.bundle.unit-test";
		};
/* End PBXNativeTarget section */

/* Begin PBXProject section */
		119B455517B5E2D70046EC5F /* Project object */ = {
			isa = PBXProject;
			attributes = {
				LastUpgradeCheck = 0500;
				ORGANIZATIONNAME = "kRaken Research";
				TargetAttributes = {
					119B457717B5E2D70046EC5F = {
						TestTargetID = 119B455C17B5E2D70046EC5F;
					};
				};
			};
			buildConfigurationList = 119B455817B5E2D70046EC5F /* Build configuration list for PBXProject "MyHub" */;
			compatibilityVersion = "Xcode 3.2";
			developmentRegion = English;
			hasScannedForEncodings = 0;
			knownRegions = (
				en,
			);
			mainGroup = 119B455417B5E2D70046EC5F;
			productRefGroup = 119B455E17B5E2D70046EC5F /* Products */;
			projectDirPath = "";
			projectRoot = "";
			targets = (
				119B455C17B5E2D70046EC5F /* MyHub */,
				119B457717B5E2D70046EC5F /* MyHubTests */,
			);
		};
/* End PBXProject section */

/* Begin PBXResourcesBuildPhase section */
		119B455B17B5E2D70046EC5F /* Resources */ = {
			isa = PBXResourcesBuildPhase;
			buildActionMask = 2147483647;
			files = (
				119B456B17B5E2D70046EC5F /* InfoPlist.strings in Resources */,
				119B457317B5E2D70046EC5F /* Images.xcassets in Resources */,
			);
			runOnlyForDeploymentPostprocessing = 0;
		};
		119B457617B5E2D70046EC5F /* Resources */ = {
			isa = PBXResourcesBuildPhase;
			buildActionMask = 2147483647;
			files = (
				119B458417B5E2D70046EC5F /* InfoPlist.strings in Resources */,
			);
			runOnlyForDeploymentPostprocessing = 0;
		};
/* End PBXResourcesBuildPhase section */

/* Begin PBXSourcesBuildPhase section */
		119B455917B5E2D70046EC5F /* Sources */ = {
			isa = PBXSourcesBuildPhase;
			buildActionMask = 2147483647;
			files = (
				119B457117B5E2D70046EC5F /* AppDelegate.m in Sources */,
				119B456D17B5E2D70046EC5F /* main.m in Sources */,
			);
			runOnlyForDeploymentPostprocessing = 0;
		};
		119B457417B5E2D70046EC5F /* Sources */ = {
			isa = PBXSourcesBuildPhase;
			buildActionMask = 2147483647;
			files = (
				119B458617B5E2D70046EC5F /* MyHubTests.m in Sources */,
			);
			runOnlyForDeploymentPostprocessing = 0;
		};
/* End PBXSourcesBuildPhase section */

/* Begin PBXTargetDependency section */
		119B457E17B5E2D70046EC5F /* PBXTargetDependency */ = {
			isa = PBXTargetDependency;
			target = 119B455C17B5E2D70046EC5F /* MyHub */;
			targetProxy = 119B457D17B5E2D70046EC5F /* PBXContainerItemProxy */;
		};
/* End PBXTargetDependency section */

/* Begin PBXVariantGroup section */
		119B456917B5E2D70046EC5F /* InfoPlist.strings */ = {
			isa = PBXVariantGroup;
			children = (
				119B456A17B5E2D70046EC5F /* en */,
			);
			name = InfoPlist.strings;
			sourceTree = "<group>";
		};
		119B458217B5E2D70046EC5F /* InfoPlist.strings */ = {
			isa = PBXVariantGroup;
			children = (
				119B458317B5E2D70046EC5F /* en */,
			);
			name = InfoPlist.strings;
			sourceTree = "<group>";
		};
/* End PBXVariantGroup section */

/* Begin XCBuildConfiguration section */
		119B458717B5E2D70046EC5F /* Debug */ = {
			isa = XCBuildConfiguration;
			buildSettings = {
				ALWAYS_SEARCH_USER_PATHS = NO;
				CLANG_CXX_LANGUAGE_STANDARD = "gnu++0x";
				CLANG_CXX_LIBRARY = "libc++";
				CLANG_ENABLE_MODULES = YES;
				CLANG_ENABLE_OBJC_ARC = YES;
				CLANG_WARN_BOOL_CONVERSION = YES;
				CLANG_WARN_CONSTANT_CONVERSION = YES;
				CLANG_WARN_DIRECT_OBJC_ISA_USAGE = YES_ERROR;
				CLANG_WARN_EMPTY_BODY = YES;
				CLANG_WARN_ENUM_CONVERSION = YES;
				CLANG_WARN_INT_CONVERSION = YES;
				CLANG_WARN_OBJC_ROOT_CLASS = YES_ERROR;
				CLANG_WARN__DUPLICATE_METHOD_MATCH = YES;
				"CODE_SIGN_IDENTITY[sdk=iphoneos*]" = "iPhone Developer";
				COPY_PHASE_STRIP = NO;
				GCC_C_LANGUAGE_STANDARD = gnu99;
				GCC_DYNAMIC_NO_PIC = NO;
				GCC_OPTIMIZATION_LEVEL = 0;
				GCC_PREPROCESSOR_DEFINITIONS = (
					"DEBUG=1",
					"$(inherited)",
				);
				GCC_SYMBOLS_PRIVATE_EXTERN = NO;
				GCC_WARN_ABOUT_RETURN_TYPE = YES_ERROR;
				GCC_WARN_UNDECLARED_SELECTOR = YES;
				GCC_WARN_UNINITIALIZED_AUTOS = YES;
				GCC_WARN_UNUSED_FUNCTION = YES;
				GCC_WARN_UNUSED_VARIABLE = YES;
				IPHONEOS_DEPLOYMENT_TARGET = 7.0;
				ONLY_ACTIVE_ARCH = YES;
				SDKROOT = iphoneos;
				TARGETED_DEVICE_FAMILY = "1,2";
			};
			name = Debug;
		};
		119B458817B5E2D70046EC5F /* Release */ = {
			isa = XCBuildConfiguration;
			buildSettings = {
				ALWAYS_SEARCH_USER_PATHS = NO;
				CLANG_CXX_LANGUAGE_STANDARD = "gnu++0x";
				CLANG_CXX_LIBRARY = "libc++";
				CLANG_ENABLE_MODULES = YES;
				CLANG_ENABLE_OBJC_ARC = YES;
				CLANG_WARN_BOOL_CONVERSION = YES;
				CLANG_WARN_CONSTANT_CONVERSION = YES;
				CLANG_WARN_DIRECT_OBJC_ISA_USAGE = YES_ERROR;
				CLANG_WARN_EMPTY_BODY = YES;
				CLANG_WARN_ENUM_CONVERSION = YES;
				CLANG_WARN_INT_CONVERSION = YES;
				CLANG_WARN_OBJC_ROOT_CLASS = YES_ERROR;
				CLANG_WARN__DUPLICATE_METHOD_MATCH = YES;
				"CODE_SIGN_IDENTITY[sdk=iphoneos*]" = "iPhone Developer";
				COPY_PHASE_STRIP = YES;
				ENABLE_NS_ASSERTIONS = NO;
				GCC_C_LANGUAGE_STANDARD = gnu99;
				GCC_WARN_ABOUT_RETURN_TYPE = YES_ERROR;
				GCC_WARN_UNDECLARED_SELECTOR = YES;
				GCC_WARN_UNINITIALIZED_AUTOS = YES;
				GCC_WARN_UNUSED_FUNCTION = YES;
				GCC_WARN_UNUSED_VARIABLE = YES;
				IPHONEOS_DEPLOYMENT_TARGET = 7.0;
				SDKROOT = iphoneos;
				TARGETED_DEVICE_FAMILY = "1,2";
				VALIDATE_PRODUCT = YES;
			};
			name = Release;
		};
		119B458A17B5E2D70046EC5F /* Debug */ = {
			isa = XCBuildConfiguration;
			buildSettings = {
				ASSETCATALOG_COMPILER_APPICON_NAME = AppIcon;
				ASSETCATALOG_COMPILER_LAUNCHIMAGE_NAME = LaunchImage;
				GCC_PRECOMPILE_PREFIX_HEADER = YES;
				GCC_PREFIX_HEADER = "MyHub/MyHub-Prefix.pch";
				INFOPLIST_FILE = "MyHub/MyHub-Info.plist";
				PRODUCT_NAME = "$(TARGET_NAME)";
				WRAPPER_EXTENSION = app;
			};
			name = Debug;
		};
		119B458B17B5E2D70046EC5F /* Release */ = {
			isa = XCBuildConfiguration;
			buildSettings = {
				ASSETCATALOG_COMPILER_APPICON_NAME = AppIcon;
				ASSETCATALOG_COMPILER_LAUNCHIMAGE_NAME = LaunchImage;
				GCC_PRECOMPILE_PREFIX_HEADER = YES;
				GCC_PREFIX_HEADER = "MyHub/MyHub-Prefix.pch";
				INFOPLIST_FILE = "MyHub/MyHub-Info.plist";
				PRODUCT_NAME = "$(TARGET_NAME)";
				WRAPPER_EXTENSION = app;
			};
			name = Release;
		};
		119B458D17B5E2D70046EC5F /* Debug */ = {
			isa = XCBuildConfiguration;
			buildSettings = {
				BUNDLE_LOADER = "$(BUILT_PRODUCTS_DIR)/MyHub.app/MyHub";
				FRAMEWORK_SEARCH_PATHS = (
					"$(SDKROOT)/Developer/Library/Frameworks",
					"$(inherited)",
					"$(DEVELOPER_FRAMEWORKS_DIR)",
				);
				GCC_PRECOMPILE_PREFIX_HEADER = YES;
				GCC_PREFIX_HEADER = "MyHub/MyHub-Prefix.pch";
				GCC_PREPROCESSOR_DEFINITIONS = (
					"DEBUG=1",
					"$(inherited)",
				);
				INFOPLIST_FILE = "MyHubTests/MyHubTests-Info.plist";
				PRODUCT_NAME = "$(TARGET_NAME)";
				TEST_HOST = "$(BUNDLE_LOADER)";
				WRAPPER_EXTENSION = xctest;
			};
			name = Debug;
		};
		119B458E17B5E2D70046EC5F /* Release */ = {
			isa = XCBuildConfiguration;
			buildSettings = {
				BUNDLE_LOADER = "$(BUILT_PRODUCTS_DIR)/MyHub.app/MyHub";
				FRAMEWORK_SEARCH_PATHS = (
					"$(SDKROOT)/Developer/Library/Frameworks",
					"$(inherited)",
					"$(DEVELOPER_FRAMEWORKS_DIR)",
				);
				GCC_PRECOMPILE_PREFIX_HEADER = YES;
				GCC_PREFIX_HEADER = "MyHub/MyHub-Prefix.pch";
				INFOPLIST_FILE = "MyHubTests/MyHubTests-Info.plist";
				PRODUCT_NAME = "$(TARGET_NAME)";
				TEST_HOST = "$(BUNDLE_LOADER)";
				WRAPPER_EXTENSION = xctest;
			};
			name = Release;
		};
/* End XCBuildConfiguration section */

/* Begin XCConfigurationList section */
		119B455817B5E2D70046EC5F /* Build configuration list for PBXProject "MyHub" */ = {
			isa = XCConfigurationList;
			buildConfigurations = (
				119B458717B5E2D70046EC5F /* Debug */,
				119B458817B5E2D70046EC5F /* Release */,
			);
			defaultConfigurationIsVisible = 0;
			defaultConfigurationName = Release;
		};
		119B458917B5E2D70046EC5F /* Build configuration list for PBXNativeTarget "MyHub" */ = {
			isa = XCConfigurationList;
			buildConfigurations = (
				119B458A17B5E2D70046EC5F /* Debug */,
				119B458B17B5E2D70046EC5F /* Release */,
			);
			defaultConfigurationIsVisible = 0;
		};
		119B458C17B5E2D70046EC5F /* Build configuration list for PBXNativeTarget "MyHubTests" */ = {
			isa = XCConfigurationList;
			buildConfigurations = (
				119B458D17B5E2D70046EC5F /* Debug */,
				119B458E17B5E2D70046EC5F /* Release */,
			);
			defaultConfigurationIsVisible = 0;
		};
/* End XCConfigurationList section */
	};
	rootObject = 119B455517B5E2D70046EC5F /* Project object */;
}
